
Microsoft Visual Studio Solution File, Format Version 12.00
# Visual Studio Version 16
VisualStudioVersion = 16.0.29503.13
MinimumVisualStudioVersion = 10.0.40219.1
Project("{FAE04EC0-301F-11D3-BF4B-00C04F79EFBC}") = "DevbridgeSquaresAPI", "DevbridgeSquaresAPI\DevbridgeSquaresAPI.csproj", "{39EE80B5-E83F-4F2C-B027-5337DC823096}"
EndProject
Project("{FAE04EC0-301F-11D3-BF4B-00C04F79EFBC}") = "Database", "Database\Database.csproj", "{82075FCD-10B5-45F9-B418-67FEBBCA5136}"
EndProject
Project("{FAE04EC0-301F-11D3-BF4B-00C04F79EFBC}") = "APIApplication", "APIApplication\APIApplication.csproj", "{4B5A5CE9-ECF8-47A6-AFB2-E89EC1397202}"
EndProject
Project("{FAE04EC0-301F-11D3-BF4B-00C04F79EFBC}") = "Logic", "Logic\Logic.csproj", "{33841931-2C18-49B0-A6B1-CEBB9D5FEBA5}"
EndProject
Global
	GlobalSection(SolutionConfigurationPlatforms) = preSolution
		Debug|Any CPU = Debug|Any CPU
		Release|Any CPU = Release|Any CPU
	EndGlobalSection
	GlobalSection(ProjectConfigurationPlatforms) = postSolution
		{39EE80B5-E83F-4F2C-B027-5337DC823096}.Debug|Any CPU.ActiveCfg = Debug|Any CPU
		{39EE80B5-E83F-4F2C-B027-5337DC823096}.Debug|Any CPU.Build.0 = Debug|Any CPU
		{39EE80B5-E83F-4F2C-B027-5337DC823096}.Release|Any CPU.ActiveCfg = Release|Any CPU
		{39EE80B5-E83F-4F2C-B027-5337DC823096}.Release|Any CPU.Build.0 = Release|Any CPU
		{82075FCD-10B5-45F9-B418-67FEBBCA5136}.Debug|Any CPU.ActiveCfg = Debug|Any CPU
		{82075FCD-10B5-45F9-B418-67FEBBCA5136}.Debug|Any CPU.Build.0 = Debug|Any CPU
		{82075FCD-10B5-45F9-B418-67FEBBCA5136}.Release|Any CPU.ActiveCfg = Release|Any CPU
		{82075FCD-10B5-45F9-B418-67FEBBCA5136}.Release|Any CPU.Build.0 = Release|Any CPU
		{4B5A5CE9-ECF8-47A6-AFB2-E89EC1397202}.Debug|Any CPU.ActiveCfg = Debug|Any CPU
		{4B5A5CE9-ECF8-47A6-AFB2-E89EC1397202}.Debug|Any CPU.Build.0 = Debug|Any CPU
		{4B5A5CE9-ECF8-47A6-AFB2-E89EC1397202}.Release|Any CPU.ActiveCfg = Release|Any CPU
		{4B5A5CE9-ECF8-47A6-AFB2-E89EC1397202}.Release|Any CPU.Build.0 = Release|Any CPU
		{33841931-2C18-49B0-A6B1-CEBB9D5FEBA5}.Debug|Any CPU.ActiveCfg = Debug|Any CPU
		{33841931-2C18-49B0-A6B1-CEBB9D5FEBA5}.Debug|Any CPU.Build.0 = Debug|Any CPU
		{33841931-2C18-49B0-A6B1-CEBB9D5FEBA5}.Release|Any CPU.ActiveCfg = Release|Any CPU
		{33841931-2C18-49B0-A6B1-CEBB9D5FEBA5}.Release|Any CPU.Build.0 = Release|Any CPU
	EndGlobalSection
	GlobalSection(SolutionProperties) = preSolution
		HideSolutionNode = FALSE
	EndGlobalSection
	GlobalSection(ExtensibilityGlobals) = postSolution
		SolutionGuid = {12BA461C-460F-4E0E-BC06-75AB6D9F424C}
	EndGlobalSection
EndGlobal
